
Microsoft Visual Studio Solution File, Format Version 12.00
# Visual Studio 14
VisualStudioVersion = 14.0.23107.0
MinimumVisualStudioVersion = 10.0.40219.1
Project("{FAE04EC0-301F-11D3-BF4B-00C04F79EFBC}") = "HeadHunterLab1", "HeadHunterLabs\HeadHunterLab1.csproj", "{1413DB04-AD10-4488-87E2-D8202DEEF0A0}"
EndProject
Project("{FAE04EC0-301F-11D3-BF4B-00C04F79EFBC}") = "HeadHunterLab2", "HeadHunterLab2\HeadHunterLab2.csproj", "{843310E6-9BF4-4680-A8F7-4DD792D95316}"
EndProject
Project("{FAE04EC0-301F-11D3-BF4B-00C04F79EFBC}") = "HeadHunterLab3", "HeadHunterLab3\HeadHunterLab3.csproj", "{EF91B4AF-F402-42A8-AB7E-07688E9D36D4}"
EndProject
Project("{FAE04EC0-301F-11D3-BF4B-00C04F79EFBC}") = "HeadHunterLab4", "HeadHunterLab4\HeadHunterLab4.csproj", "{9A3333FB-0CDF-4F11-BCF9-C76695D5D5AE}"
EndProject
Project("{FAE04EC0-301F-11D3-BF4B-00C04F79EFBC}") = "HeadHunterLab5", "HeadHunterLab5\HeadHunterLab5.csproj", "{515BA783-894B-44E7-A1BA-00019795DE9A}"
EndProject
Global
	GlobalSection(SubversionScc) = preSolution
		Svn-Managed = True
		Manager = AnkhSVN - Subversion Support for Visual Studio
	EndGlobalSection
	GlobalSection(SolutionConfigurationPlatforms) = preSolution
		Debug|Any CPU = Debug|Any CPU
		Release|Any CPU = Release|Any CPU
	EndGlobalSection
	GlobalSection(ProjectConfigurationPlatforms) = postSolution
		{1413DB04-AD10-4488-87E2-D8202DEEF0A0}.Debug|Any CPU.ActiveCfg = Debug|Any CPU
		{1413DB04-AD10-4488-87E2-D8202DEEF0A0}.Debug|Any CPU.Build.0 = Debug|Any CPU
		{1413DB04-AD10-4488-87E2-D8202DEEF0A0}.Release|Any CPU.ActiveCfg = Release|Any CPU
		{1413DB04-AD10-4488-87E2-D8202DEEF0A0}.Release|Any CPU.Build.0 = Release|Any CPU
		{843310E6-9BF4-4680-A8F7-4DD792D95316}.Debug|Any CPU.ActiveCfg = Debug|Any CPU
		{843310E6-9BF4-4680-A8F7-4DD792D95316}.Debug|Any CPU.Build.0 = Debug|Any CPU
		{843310E6-9BF4-4680-A8F7-4DD792D95316}.Release|Any CPU.ActiveCfg = Release|Any CPU
		{843310E6-9BF4-4680-A8F7-4DD792D95316}.Release|Any CPU.Build.0 = Release|Any CPU
		{EF91B4AF-F402-42A8-AB7E-07688E9D36D4}.Debug|Any CPU.ActiveCfg = Debug|Any CPU
		{EF91B4AF-F402-42A8-AB7E-07688E9D36D4}.Debug|Any CPU.Build.0 = Debug|Any CPU
		{EF91B4AF-F402-42A8-AB7E-07688E9D36D4}.Release|Any CPU.ActiveCfg = Release|Any CPU
		{EF91B4AF-F402-42A8-AB7E-07688E9D36D4}.Release|Any CPU.Build.0 = Release|Any CPU
		{9A3333FB-0CDF-4F11-BCF9-C76695D5D5AE}.Debug|Any CPU.ActiveCfg = Debug|Any CPU
		{9A3333FB-0CDF-4F11-BCF9-C76695D5D5AE}.Debug|Any CPU.Build.0 = Debug|Any CPU
		{9A3333FB-0CDF-4F11-BCF9-C76695D5D5AE}.Release|Any CPU.ActiveCfg = Release|Any CPU
		{9A3333FB-0CDF-4F11-BCF9-C76695D5D5AE}.Release|Any CPU.Build.0 = Release|Any CPU
		{515BA783-894B-44E7-A1BA-00019795DE9A}.Debug|Any CPU.ActiveCfg = Debug|Any CPU
		{515BA783-894B-44E7-A1BA-00019795DE9A}.Debug|Any CPU.Build.0 = Debug|Any CPU
		{515BA783-894B-44E7-A1BA-00019795DE9A}.Release|Any CPU.ActiveCfg = Release|Any CPU
		{515BA783-894B-44E7-A1BA-00019795DE9A}.Release|Any CPU.Build.0 = Release|Any CPU
	EndGlobalSection
	GlobalSection(SolutionProperties) = preSolution
		HideSolutionNode = FALSE
	EndGlobalSection
EndGlobal
